schema: '2.0'
stages:
  load_data:
    cmd: python src/load_data.py --config params.yaml
    deps:
    - path: original_data/ipl_dataset.csv
      hash: md5
      md5: 93fa118986a7b380d56bcf3e05c7a8a0
      size: 8220218
    - path: src/load_data.py
      hash: md5
      md5: 04b7fae0c3a27261d7a924ba9a063ade
      size: 844
    - path: src/read_data.py
      hash: md5
      md5: 53ce203dd337e117104cdf9e7c4e9448
      size: 1016
    outs:
    - path: data/raw/raw_ipl_dataset.csv
      hash: md5
      md5: 69fa7c201df87246ac54137e64d62e38
      size: 7585099
  preprocess_data:
    cmd: python src/preprocess.py --config params.yaml
    deps:
    - path: data/raw/ipl_test.csv
      hash: md5
      md5: 6bd720e1a8b12c9e716606248685ce2a
      size: 1516132
    - path: data/raw/ipl_train.csv
      hash: md5
      md5: c5d4554ae85d2d7dcb777adb13532a2a
      size: 6069066
    - path: src/preprocess.py
      hash: md5
      md5: 37a761ab38c1929370a5f2ed9f463c29
      size: 6200
    params:
      params.yaml:
        pipeline.pipeline_path: data/processed/ipl_preprocessor_pipeline.pkl
        split_data.test_data_path: data/processed/ipl_test_trans.csv
        split_data.train_data_path: data/processed/ipl_train_trans.csv
    outs:
    - path: data/processed/ipl_preprocessor_pipeline.pkl
      hash: md5
      md5: f217ffb05b60f0bc24b863b0182a06d3
      size: 8858
    - path: data/processed/ipl_test_trans.csv
      hash: md5
      md5: bf82ef6b7939d3385dc8250f450865f0
      size: 5923776
    - path: data/processed/ipl_train_trans.csv
      hash: md5
      md5: 377c2cd816090afad877ba6b17d586e5
      size: 23717970
  train_test_split:
    cmd: python src/train_test_split.py --config params.yaml
    deps:
    - path: data/raw/raw_ipl_dataset.csv
      hash: md5
      md5: 69fa7c201df87246ac54137e64d62e38
      size: 7585099
    - path: src/read_data.py
      hash: md5
      md5: 53ce203dd337e117104cdf9e7c4e9448
      size: 1016
    - path: src/train_test_split.py
      hash: md5
      md5: a08a519ed100e5a1942fe01fa9f55b43
      size: 1999
    params:
      params.yaml:
        base.random_state: 1
        base.target_column: results
        split_data.test_size: 0.2
    outs:
    - path: data/raw/ipl_test.csv
      hash: md5
      md5: 6bd720e1a8b12c9e716606248685ce2a
      size: 1516132
    - path: data/raw/ipl_train.csv
      hash: md5
      md5: c5d4554ae85d2d7dcb777adb13532a2a
      size: 6069066
  train_and_evaluate:
    cmd: python src/train_and_evaluate.py --config params.yaml
    deps:
    - path: data/processed/ipl_test_trans.csv
      hash: md5
      md5: bf82ef6b7939d3385dc8250f450865f0
      size: 5923776
    - path: data/processed/ipl_train_trans.csv
      hash: md5
      md5: 377c2cd816090afad877ba6b17d586e5
      size: 23717970
    - path: src/train_and_evaluate.py
      hash: md5
      md5: 17b5381a07e150c4f3326e5a6472c25d
      size: 6917
    params:
      params.yaml:
        base.active_model: RandomForestClassifier
        models:
          RandomForestClassifier:
            parameters:
              n_estimators: 200
          DecisionTreeClassifier:
            parameters: {}
    outs:
    - path: models/model.joblib
      hash: md5
      md5: 76d619587a1aea3fc231bae7486f595e
      size: 103089449
    - path: reports/conf_matrix.csv
      hash: md5
      md5: a0b7c702d57336bfe51193a31e3a2e0f
      size: 62
    - path: reports/model_parameters.json
      hash: md5
      md5: d8ffdb093c623e8f48ea7c520e57a79e
      size: 671
    - path: reports/model_scores.json
      hash: md5
      md5: 3007bcac0e8c8100d14e5baf4092dbee
      size: 453
